// !$*UTF8*$!
{
	archiveVersion = 1;
	classes = {
	};
	objectVersion = 46;
	objects = {

/* Begin PBXBuildFile section */
		5014033A1D3BD99A001EBA57 /* PokemonDataSource.swift in Sources */ = {isa = PBXBuildFile; fileRef = 501403391D3BD99A001EBA57 /* PokemonDataSource.swift */; };
		509B58D71D3BC8F0009981C8 /* AppDelegate.swift in Sources */ = {isa = PBXBuildFile; fileRef = 509B58D61D3BC8F0009981C8 /* AppDelegate.swift */; };
		509B58DC1D3BC8F0009981C8 /* Main.storyboard in Resources */ = {isa = PBXBuildFile; fileRef = 509B58DA1D3BC8F0009981C8 /* Main.storyboard */; };
		509B58DE1D3BC8F0009981C8 /* Assets.xcassets in Resources */ = {isa = PBXBuildFile; fileRef = 509B58DD1D3BC8F0009981C8 /* Assets.xcassets */; };
		509B58E11D3BC8F0009981C8 /* LaunchScreen.storyboard in Resources */ = {isa = PBXBuildFile; fileRef = 509B58DF1D3BC8F0009981C8 /* LaunchScreen.storyboard */; };
/* End PBXBuildFile section */

/* Begin PBXFileReference section */
		501403391D3BD99A001EBA57 /* PokemonDataSource.swift */ = {isa = PBXFileReference; fileEncoding = 4; lastKnownFileType = sourcecode.swift; path = PokemonDataSource.swift; sourceTree = "<group>"; };
		509B58D31D3BC8F0009981C8 /* PokemonVCComplexity.app */ = {isa = PBXFileReference; explicitFileType = wrapper.application; includeInIndex = 0; path = PokemonVCComplexity.app; sourceTree = BUILT_PRODUCTS_DIR; };
		509B58D61D3BC8F0009981C8 /* AppDelegate.swift */ = {isa = PBXFileReference; lastKnownFileType = sourcecode.swift; path = AppDelegate.swift; sourceTree = "<group>"; };
		509B58DB1D3BC8F0009981C8 /* Base */ = {isa = PBXFileReference; lastKnownFileType = file.storyboard; name = Base; path = Base.lproj/Main.storyboard; sourceTree = "<group>"; };
		509B58DD1D3BC8F0009981C8 /* Assets.xcassets */ = {isa = PBXFileReference; lastKnownFileType = folder.assetcatalog; path = Assets.xcassets; sourceTree = "<group>"; };
		509B58E01D3BC8F0009981C8 /* Base */ = {isa = PBXFileReference; lastKnownFileType = file.storyboard; name = Base; path = Base.lproj/LaunchScreen.storyboard; sourceTree = "<group>"; };
		509B58E21D3BC8F0009981C8 /* Info.plist */ = {isa = PBXFileReference; lastKnownFileType = text.plist.xml; path = Info.plist; sourceTree = "<group>"; };
/* End PBXFileReference section */

/* Begin PBXFrameworksBuildPhase section */
		509B58D01D3BC8F0009981C8 /* Frameworks */ = {
			isa = PBXFrameworksBuildPhase;
			buildActionMask = 2147483647;
			files = (
			);
			runOnlyForDeploymentPostprocessing = 0;
		};
/* End PBXFrameworksBuildPhase section */

/* Begin PBXGroup section */
		509B58CA1D3BC8F0009981C8 = {
			isa = PBXGroup;
			children = (
				509B58D51D3BC8F0009981C8 /* PokemonVCComplexity */,
				509B58D41D3BC8F0009981C8 /* Products */,
			);
			sourceTree = "<group>";
		};
		509B58D41D3BC8F0009981C8 /* Products */ = {
			isa = PBXGroup;
			children = (
				509B58D31D3BC8F0009981C8 /* PokemonVCComplexity.app */,
			);
			name = Products;
			sourceTree = "<group>";
		};
		509B58D51D3BC8F0009981C8 /* PokemonVCComplexity */ = {
			isa = PBXGroup;
			children = (
				509B58D61D3BC8F0009981C8 /* AppDelegate.swift */,
				501403391D3BD99A001EBA57 /* PokemonDataSource.swift */,
				509B58DA1D3BC8F0009981C8 /* Main.storyboard */,
				509B58DD1D3BC8F0009981C8 /* Assets.xcassets */,
				509B58DF1D3BC8F0009981C8 /* LaunchScreen.storyboard */,
				509B58E21D3BC8F0009981C8 /* Info.plist */,
			);
			path = PokemonVCComplexity;
			sourceTree = "<group>";
		};
/* End PBXGroup section */

/* Begin PBXNativeTarget section */
		509B58D21D3BC8F0009981C8 /* PokemonVCComplexity */ = {
			isa = PBXNativeTarget;
			buildConfigurationList = 509B58E51D3BC8F0009981C8 /* Build configuration list for PBXNativeTarget "PokemonVCComplexity" */;
			buildPhases = (
				509B58CF1D3BC8F0009981C8 /* Sources */,
				509B58D01D3BC8F0009981C8 /* Frameworks */,
				509B58D11D3BC8F0009981C8 /* Resources */,
			);
			buildRules = (
			);
			dependencies = (
			);
			name = PokemonVCComplexity;
			productName = PokemonVCComplexity;
			productReference = 509B58D31D3BC8F0009981C8 /* PokemonVCComplexity.app */;
			productType = "com.apple.product-type.application";
		};
/* End PBXNativeTarget section */

/* Begin PBXProject section */
		509B58CB1D3BC8F0009981C8 /* Project object */ = {
			isa = PBXProject;
			attributes = {
				LastSwiftUpdateCheck = 0730;
				LastUpgradeCheck = 0730;
				ORGANIZATIONNAME = "Jeffrey Bergier";
				TargetAttributes = {
					509B58D21D3BC8F0009981C8 = {
						CreatedOnToolsVersion = 7.3.1;
					};
				};
			};
			buildConfigurationList = 509B58CE1D3BC8F0009981C8 /* Build configuration list for PBXProject "PokemonVCComplexity" */;
			compatibilityVersion = "Xcode 3.2";
			developmentRegion = English;
			hasScannedForEncodings = 0;
			knownRegions = (
				en,
				Base,
			);
			mainGroup = 509B58CA1D3BC8F0009981C8;
			productRefGroup = 509B58D41D3BC8F0009981C8 /* Products */;
			projectDirPath = "";
			projectRoot = "";
			targets = (
				509B58D21D3BC8F0009981C8 /* PokemonVCComplexity */,
			);
		};
/* End PBXProject section */

/* Begin PBXResourcesBuildPhase section */
		509B58D11D3BC8F0009981C8 /* Resources */ = {
			isa = PBXResourcesBuildPhase;
			buildActionMask = 2147483647;
			files = (
				509B58E11D3BC8F0009981C8 /* LaunchScreen.storyboard in Resources */,
				509B58DE1D3BC8F0009981C8 /* Assets.xcassets in Resources */,
				509B58DC1D3BC8F0009981C8 /* Main.storyboard in Resources */,
			);
			runOnlyForDeploymentPostprocessing = 0;
		};
/* End PBXResourcesBuildPhase section */

/* Begin PBXSourcesBuildPhase section */
		509B58CF1D3BC8F0009981C8 /* Sources */ = {
			isa = PBXSourcesBuildPhase;
			buildActionMask = 2147483647;
			files = (
				5014033A1D3BD99A001EBA57 /* PokemonDataSource.swift in Sources */,
				509B58D71D3BC8F0009981C8 /* AppDelegate.swift in Sources */,
			);
			runOnlyForDeploymentPostprocessing = 0;
		};
/* End PBXSourcesBuildPhase section */

/* Begin PBXVariantGroup section */
		509B58DA1D3BC8F0009981C8 /* Main.storyboard */ = {
			isa = PBXVariantGroup;
			children = (
				509B58DB1D3BC8F0009981C8 /* Base */,
			);
			name = Main.storyboard;
			sourceTree = "<group>";
		};
		509B58DF1D3BC8F0009981C8 /* LaunchScreen.storyboard */ = {
			isa = PBXVariantGroup;
			children = (
				509B58E01D3BC8F0009981C8 /* Base */,
			);
			name = LaunchScreen.storyboard;
			sourceTree = "<group>";
		};
/* End PBXVariantGroup section */

/* Begin XCBuildConfiguration section */
		509B58E31D3BC8F0009981C8 /* Debug */ = {
			isa = XCBuildConfiguration;
			buildSettings = {
				ALWAYS_SEARCH_USER_PATHS = NO;
				CLANG_ANALYZER_NONNULL = YES;
				CLANG_CXX_LANGUAGE_STANDARD = "gnu++0x";
				CLANG_CXX_LIBRARY = "libc++";
				CLANG_ENABLE_MODULES = YES;
				CLANG_ENABLE_OBJC_ARC = YES;
				CLANG_WARN_BOOL_CONVERSION = YES;
				CLANG_WARN_CONSTANT_CONVERSION = YES;
				CLANG_WARN_DIRECT_OBJC_ISA_USAGE = YES_ERROR;
				CLANG_WARN_EMPTY_BODY = YES;
				CLANG_WARN_ENUM_CONVERSION = YES;
				CLANG_WARN_INT_CONVERSION = YES;
				CLANG_WARN_OBJC_ROOT_CLASS = YES_ERROR;
				CLANG_WARN_UNREACHABLE_CODE = YES;
				CLANG_WARN__DUPLICATE_METHOD_MATCH = YES;
				"CODE_SIGN_IDENTITY[sdk=iphoneos*]" = "iPhone Developer";
				COPY_PHASE_STRIP = NO;
				DEBUG_INFORMATION_FORMAT = dwarf;
				ENABLE_STRICT_OBJC_MSGSEND = YES;
				ENABLE_TESTABILITY = YES;
				GCC_C_LANGUAGE_STANDARD = gnu99;
				GCC_DYNAMIC_NO_PIC = NO;
				GCC_NO_COMMON_BLOCKS = YES;
				GCC_OPTIMIZATION_LEVEL = 0;
				GCC_PREPROCESSOR_DEFINITIONS = (
					"DEBUG=1",
					"$(inherited)",
				);
				GCC_WARN_64_TO_32_BIT_CONVERSION = YES;
				GCC_WARN_ABOUT_RETURN_TYPE = YES_ERROR;
				GCC_WARN_UNDECLARED_SELECTOR = YES;
				GCC_WARN_UNINITIALIZED_AUTOS = YES_AGGRESSIVE;
				GCC_WARN_UNUSED_FUNCTION = YES;
				GCC_WARN_UNUSED_VARIABLE = YES;
				IPHONEOS_DEPLOYMENT_TARGET = 9.3;
				MTL_ENABLE_DEBUG_INFO = YES;
				ONLY_ACTIVE_ARCH = YES;
				SDKROOT = iphoneos;
				SWIFT_OPTIMIZATION_LEVEL = "-Onone";
			};
			name = Debug;
		};
		509B58E41D3BC8F0009981C8 /* Release */ = {
			isa = XCBuildConfiguration;
			buildSettings = {
				ALWAYS_SEARCH_USER_PATHS = NO;
				CLANG_ANALYZER_NONNULL = YES;
				CLANG_CXX_LANGUAGE_STANDARD = "gnu++0x";
				CLANG_CXX_LIBRARY = "libc++";
				CLANG_ENABLE_MODULES = YES;
				CLANG_ENABLE_OBJC_ARC = YES;
				CLANG_WARN_BOOL_CONVERSION = YES;
				CLANG_WARN_CONSTANT_CONVERSION = YES;
				CLANG_WARN_DIRECT_OBJC_ISA_USAGE = YES_ERROR;
				CLANG_WARN_EMPTY_BODY = YES;
				CLANG_WARN_ENUM_CONVERSION = YES;
				CLANG_WARN_INT_CONVERSION = YES;
				CLANG_WARN_OBJC_ROOT_CLASS = YES_ERROR;
				CLANG_WARN_UNREACHABLE_CODE = YES;
				CLANG_WARN__DUPLICATE_METHOD_MATCH = YES;
				"CODE_SIGN_IDENTITY[sdk=iphoneos*]" = "iPhone Developer";
				COPY_PHASE_STRIP = NO;
				DEBUG_INFORMATION_FORMAT = "dwarf-with-dsym";
				ENABLE_NS_ASSERTIONS = NO;
				ENABLE_STRICT_OBJC_MSGSEND = YES;
				GCC_C_LANGUAGE_STANDARD = gnu99;
				GCC_NO_COMMON_BLOCKS = YES;
				GCC_WARN_64_TO_32_BIT_CONVERSION = YES;
				GCC_WARN_ABOUT_RETURN_TYPE = YES_ERROR;
				GCC_WARN_UNDECLARED_SELECTOR = YES;
				GCC_WARN_UNINITIALIZED_AUTOS = YES_AGGRESSIVE;
				GCC_WARN_UNUSED_FUNCTION = YES;
				GCC_WARN_UNUSED_VARIABLE = YES;
				IPHONEOS_DEPLOYMENT_TARGET = 9.3;
				MTL_ENABLE_DEBUG_INFO = NO;
				SDKROOT = iphoneos;
				VALIDATE_PRODUCT = YES;
			};
			name = Release;
		};
		509B58E61D3BC8F0009981C8 /* Debug */ = {
			isa = XCBuildConfiguration;
			buildSettings = {
				ASSETCATALOG_COMPILER_APPICON_NAME = AppIcon;
				INFOPLIST_FILE = PokemonVCComplexity/Info.plist;
				LD_RUNPATH_SEARCH_PATHS = "$(inherited) @executable_path/Frameworks";
				PRODUCT_BUNDLE_IDENTIFIER = com.saturdayapps.PokemonVCComplexity;
				PRODUCT_NAME = "$(TARGET_NAME)";
			};
			name = Debug;
		};
		509B58E71D3BC8F0009981C8 /* Release */ = {
			isa = XCBuildConfiguration;
			buildSettings = {
				ASSETCATALOG_COMPILER_APPICON_NAME = AppIcon;
				INFOPLIST_FILE = PokemonVCComplexity/Info.plist;
				LD_RUNPATH_SEARCH_PATHS = "$(inherited) @executable_path/Frameworks";
				PRODUCT_BUNDLE_IDENTIFIER = com.saturdayapps.PokemonVCComplexity;
				PRODUCT_NAME = "$(TARGET_NAME)";
			};
			name = Release;
		};
/* End XCBuildConfiguration section */

/* Begin XCConfigurationList section */
		509B58CE1D3BC8F0009981C8 /* Build configuration list for PBXProject "PokemonVCComplexity" */ = {
			isa = XCConfigurationList;
			buildConfigurations = (
				509B58E31D3BC8F0009981C8 /* Debug */,
				509B58E41D3BC8F0009981C8 /* Release */,
			);
			defaultConfigurationIsVisible = 0;
			defaultConfigurationName = Release;
		};
		509B58E51D3BC8F0009981C8 /* Build configuration list for PBXNativeTarget "PokemonVCComplexity" */ = {
			isa = XCConfigurationList;
			buildConfigurations = (
				509B58E61D3BC8F0009981C8 /* Debug */,
				509B58E71D3BC8F0009981C8 /* Release */,
			);
			defaultConfigurationIsVisible = 0;
			defaultConfigurationName = Release;
		};
/* End XCConfigurationList section */
	};
	rootObject = 509B58CB1D3BC8F0009981C8 /* Project object */;
}
